PODS:
  - GSBasis (0.1.0):
    - GSBasis/Common (= 0.1.0)
  - GSBasis/Common (0.1.0):
    - Then
  - Then (2.4.0)

DEPENDENCIES:
  - GSBasis (from `../`)

SPEC REPOS:
  https://github.com/cocoapods/specs.git:
    - Then

EXTERNAL SOURCES:
  GSBasis:
    :path: "../"

SPEC CHECKSUMS:
  GSBasis: aeaa267129f527c6ed1e0744361fdbda10f52a09
  Then: 71866660c7af35a7343831f7668e7cd2b62ee0f2

PODFILE CHECKSUM: ffcf25033dd0e9b549abd78577a5df61a07ce438

COCOAPODS: 1.6.1
